PODS:
  - AFNetworking (3.0.4):
    - AFNetworking/NSURLSession (= 3.0.4)
    - AFNetworking/Reachability (= 3.0.4)
    - AFNetworking/Security (= 3.0.4)
    - AFNetworking/Serialization (= 3.0.4)
    - AFNetworking/UIKit (= 3.0.4)
  - AFNetworking/NSURLSession (3.0.4):
    - AFNetworking/Reachability
    - AFNetworking/Security
    - AFNetworking/Serialization
  - AFNetworking/Reachability (3.0.4)
  - AFNetworking/Security (3.0.4)
  - AFNetworking/Serialization (3.0.4)
  - AFNetworking/UIKit (3.0.4):
    - AFNetworking/NSURLSession
  - Alamofire (3.3.0)
  - Bond (4.3.0)
  - DACircularProgress (2.3.1)
  - HTMLReader (0.9.5)
  - KDEAudioPlayer (0.7.0)
  - Masonry (0.6.4)
  - MBProgressHUD (0.9.2)
  - MWPhotoBrowser (2.1.1):
    - DACircularProgress (~> 2.3)
    - MBProgressHUD (~> 0.9)
    - SDWebImage (!= 3.7.2, ~> 3.7)
  - Realm (0.98.5):
    - Realm/Headers (= 0.98.5)
  - Realm/Headers (0.98.5)
  - RealmSwift (0.98.5):
    - Realm (= 0.98.5)
  - SDWebImage (3.7.5):
    - SDWebImage/Core (= 3.7.5)
  - SDWebImage/Core (3.7.5)
  - SnapKit (0.19.1)
  - SwiftSpinner (0.8.0)
  - SwiftyJSON (2.3.2)

DEPENDENCIES:
  - AFNetworking
  - Alamofire
  - Bond
  - HTMLReader
  - KDEAudioPlayer
  - Masonry
  - MWPhotoBrowser
  - RealmSwift
  - SDWebImage
  - SnapKit
  - SwiftSpinner
  - SwiftyJSON

SPEC CHECKSUMS:
  AFNetworking: a0075feb321559dc78d9d85b55d11caa19eabb93
  Alamofire: 9054db4a1b1ca9e363223183e01cea380159a27c
  Bond: ebe2364b18130690083cbceff036420b21494ae4
  DACircularProgress: 4dd437c0fc3da5161cb289e07ac449493d41db71
  HTMLReader: dc02112d761cc346e248e3f65f8b263a062e9934
  KDEAudioPlayer: f2b1bf59884b8c2cc737c6c36dd7d7630026787d
  Masonry: 281802d04d787ea2973179ee8bcb50500579ede2
  MBProgressHUD: 1569cf7ace17a8bac47aabfbb8580a49690386d1
  MWPhotoBrowser: ba0d0c09ffda3a7ea10093518738c502c1c7141c
  Realm: db08379969e45cea2edd1c3c0a090fe9e22d2d2f
  RealmSwift: cb11ad1c35e15dc982f2dbf5afe2a3124193a358
  SDWebImage: 69c6303e3348fba97e03f65d65d4fbc26740f461
  SnapKit: eff58d6e3451bf2f482db2eccf86aecf371dc62d
  SwiftSpinner: 11c2c5ec7443d92f3026d3067ca8a91d4adef13f
  SwiftyJSON: 04ccea08915aa0109039157c7974cf0298da292a

COCOAPODS: 0.39.0
